
Microsoft Visual Studio Solution File, Format Version 12.00
# Visual Studio Version 17
VisualStudioVersion = 17.10.34928.147
MinimumVisualStudioVersion = 10.0.40219.1
Project("{9A19103F-16F7-4668-BE54-9A1E7A4F7556}") = "TiendaTecnologia", "TiendaTecnologia\TiendaTecnologia.csproj", "{A7DB10A8-E627-4C11-B5E0-C0DF20C4B3F9}"
EndProject
Global
	GlobalSection(SolutionConfigurationPlatforms) = preSolution
		Debug|Any CPU = Debug|Any CPU
		Release|Any CPU = Release|Any CPU
	EndGlobalSection
	GlobalSection(ProjectConfigurationPlatforms) = postSolution
		{A7DB10A8-E627-4C11-B5E0-C0DF20C4B3F9}.Debug|Any CPU.ActiveCfg = Debug|Any CPU
		{A7DB10A8-E627-4C11-B5E0-C0DF20C4B3F9}.Debug|Any CPU.Build.0 = Debug|Any CPU
		{A7DB10A8-E627-4C11-B5E0-C0DF20C4B3F9}.Release|Any CPU.ActiveCfg = Release|Any CPU
		{A7DB10A8-E627-4C11-B5E0-C0DF20C4B3F9}.Release|Any CPU.Build.0 = Release|Any CPU
	EndGlobalSection
	GlobalSection(SolutionProperties) = preSolution
		HideSolutionNode = FALSE
	EndGlobalSection
	GlobalSection(ExtensibilityGlobals) = postSolution
		SolutionGuid = {7C349C8A-F6F7-42A3-869B-4CDDBB9736B2}
	EndGlobalSection
EndGlobal
